// !$*UTF8*$!
{
	archiveVersion = 1;
	classes = {
	};
	objectVersion = 55;
	objects = {

/* Begin PBXBuildFile section */
		04F2AA9927944D3700D4C062 /* AppDelegate.swift in Sources */ = {isa = PBXBuildFile; fileRef = 04F2AA9827944D3700D4C062 /* AppDelegate.swift */; };
		04F2AA9B27944D3700D4C062 /* SceneDelegate.swift in Sources */ = {isa = PBXBuildFile; fileRef = 04F2AA9A27944D3700D4C062 /* SceneDelegate.swift */; };
		04F2AA9D27944D3700D4C062 /* ViewController.swift in Sources */ = {isa = PBXBuildFile; fileRef = 04F2AA9C27944D3700D4C062 /* ViewController.swift */; };
		04F2AAA027944D3700D4C062 /* Main.storyboard in Resources */ = {isa = PBXBuildFile; fileRef = 04F2AA9E27944D3700D4C062 /* Main.storyboard */; };
		04F2AAA227944D3A00D4C062 /* Assets.xcassets in Resources */ = {isa = PBXBuildFile; fileRef = 04F2AAA127944D3A00D4C062 /* Assets.xcassets */; };
		04F2AAA527944D3A00D4C062 /* LaunchScreen.storyboard in Resources */ = {isa = PBXBuildFile; fileRef = 04F2AAA327944D3A00D4C062 /* LaunchScreen.storyboard */; };
		6ABA73DAAEA91E092049B718 /* Pods_Currency_Converter.framework in Frameworks */ = {isa = PBXBuildFile; fileRef = C0E9B19F40763103E2019D37 /* Pods_Currency_Converter.framework */; };
/* End PBXBuildFile section */

/* Begin PBXFileReference section */
		04F2AA9527944D3700D4C062 /* Currency Converter.app */ = {isa = PBXFileReference; explicitFileType = wrapper.application; includeInIndex = 0; path = "Currency Converter.app"; sourceTree = BUILT_PRODUCTS_DIR; };
		04F2AA9827944D3700D4C062 /* AppDelegate.swift */ = {isa = PBXFileReference; lastKnownFileType = sourcecode.swift; path = AppDelegate.swift; sourceTree = "<group>"; };
		04F2AA9A27944D3700D4C062 /* SceneDelegate.swift */ = {isa = PBXFileReference; lastKnownFileType = sourcecode.swift; path = SceneDelegate.swift; sourceTree = "<group>"; };
		04F2AA9C27944D3700D4C062 /* ViewController.swift */ = {isa = PBXFileReference; lastKnownFileType = sourcecode.swift; path = ViewController.swift; sourceTree = "<group>"; };
		04F2AA9F27944D3700D4C062 /* Base */ = {isa = PBXFileReference; lastKnownFileType = file.storyboard; name = Base; path = Base.lproj/Main.storyboard; sourceTree = "<group>"; };
		04F2AAA127944D3A00D4C062 /* Assets.xcassets */ = {isa = PBXFileReference; lastKnownFileType = folder.assetcatalog; path = Assets.xcassets; sourceTree = "<group>"; };
		04F2AAA427944D3A00D4C062 /* Base */ = {isa = PBXFileReference; lastKnownFileType = file.storyboard; name = Base; path = Base.lproj/LaunchScreen.storyboard; sourceTree = "<group>"; };
		04F2AAA627944D3A00D4C062 /* Info.plist */ = {isa = PBXFileReference; lastKnownFileType = text.plist.xml; path = Info.plist; sourceTree = "<group>"; };
		662E13F1A8324D84C36C5B36 /* Pods-Currency Converter.release.xcconfig */ = {isa = PBXFileReference; includeInIndex = 1; lastKnownFileType = text.xcconfig; name = "Pods-Currency Converter.release.xcconfig"; path = "Target Support Files/Pods-Currency Converter/Pods-Currency Converter.release.xcconfig"; sourceTree = "<group>"; };
		C0E9B19F40763103E2019D37 /* Pods_Currency_Converter.framework */ = {isa = PBXFileReference; explicitFileType = wrapper.framework; includeInIndex = 0; path = Pods_Currency_Converter.framework; sourceTree = BUILT_PRODUCTS_DIR; };
		E23198F6A41E4156E79D535A /* Pods-Currency Converter.debug.xcconfig */ = {isa = PBXFileReference; includeInIndex = 1; lastKnownFileType = text.xcconfig; name = "Pods-Currency Converter.debug.xcconfig"; path = "Target Support Files/Pods-Currency Converter/Pods-Currency Converter.debug.xcconfig"; sourceTree = "<group>"; };
/* End PBXFileReference section */

/* Begin PBXFrameworksBuildPhase section */
		04F2AA9227944D3600D4C062 /* Frameworks */ = {
			isa = PBXFrameworksBuildPhase;
			buildActionMask = 2147483647;
			files = (
				6ABA73DAAEA91E092049B718 /* Pods_Currency_Converter.framework in Frameworks */,
			);
			runOnlyForDeploymentPostprocessing = 0;
		};
/* End PBXFrameworksBuildPhase section */

/* Begin PBXGroup section */
		04F2AA8C27944D3600D4C062 = {
			isa = PBXGroup;
			children = (
				04F2AA9727944D3700D4C062 /* Currency Converter */,
				04F2AA9627944D3700D4C062 /* Products */,
				755808F1F9A5F09DDE59CE8F /* Pods */,
				720E9494A4C223D342069B7E /* Frameworks */,
			);
			sourceTree = "<group>";
		};
		04F2AA9627944D3700D4C062 /* Products */ = {
			isa = PBXGroup;
			children = (
				04F2AA9527944D3700D4C062 /* Currency Converter.app */,
			);
			name = Products;
			sourceTree = "<group>";
		};
		04F2AA9727944D3700D4C062 /* Currency Converter */ = {
			isa = PBXGroup;
			children = (
				04F2AAB02794528800D4C062 /* Model */,
				04F2AAAE2794526B00D4C062 /* View */,
				04F2AAAF2794527E00D4C062 /* View-Model */,
				04F2AAAD2794526000D4C062 /* App */,
				04F2AAB1279452A000D4C062 /* Resources */,
				04F2AAA627944D3A00D4C062 /* Info.plist */,
			);
			path = "Currency Converter";
			sourceTree = "<group>";
		};
		04F2AAAD2794526000D4C062 /* App */ = {
			isa = PBXGroup;
			children = (
				04F2AA9827944D3700D4C062 /* AppDelegate.swift */,
				04F2AA9A27944D3700D4C062 /* SceneDelegate.swift */,
			);
			path = App;
			sourceTree = "<group>";
		};
		04F2AAAE2794526B00D4C062 /* View */ = {
			isa = PBXGroup;
			children = (
				04F2AA9C27944D3700D4C062 /* ViewController.swift */,
			);
			path = View;
			sourceTree = "<group>";
		};
		04F2AAAF2794527E00D4C062 /* View-Model */ = {
			isa = PBXGroup;
			children = (
			);
			path = "View-Model";
			sourceTree = "<group>";
		};
		04F2AAB02794528800D4C062 /* Model */ = {
			isa = PBXGroup;
			children = (
			);
			path = Model;
			sourceTree = "<group>";
		};
		04F2AAB1279452A000D4C062 /* Resources */ = {
			isa = PBXGroup;
			children = (
				04F2AA9E27944D3700D4C062 /* Main.storyboard */,
				04F2AAA127944D3A00D4C062 /* Assets.xcassets */,
				04F2AAA327944D3A00D4C062 /* LaunchScreen.storyboard */,
			);
			path = Resources;
			sourceTree = "<group>";
		};
		720E9494A4C223D342069B7E /* Frameworks */ = {
			isa = PBXGroup;
			children = (
				C0E9B19F40763103E2019D37 /* Pods_Currency_Converter.framework */,
			);
			name = Frameworks;
			sourceTree = "<group>";
		};
		755808F1F9A5F09DDE59CE8F /* Pods */ = {
			isa = PBXGroup;
			children = (
				E23198F6A41E4156E79D535A /* Pods-Currency Converter.debug.xcconfig */,
				662E13F1A8324D84C36C5B36 /* Pods-Currency Converter.release.xcconfig */,
			);
			path = Pods;
			sourceTree = "<group>";
		};
/* End PBXGroup section */

/* Begin PBXNativeTarget section */
		04F2AA9427944D3600D4C062 /* Currency Converter */ = {
			isa = PBXNativeTarget;
			buildConfigurationList = 04F2AAA927944D3A00D4C062 /* Build configuration list for PBXNativeTarget "Currency Converter" */;
			buildPhases = (
				89B04A86D3375E36F2BC6FAE /* [CP] Check Pods Manifest.lock */,
				04F2AA9127944D3600D4C062 /* Sources */,
				04F2AA9227944D3600D4C062 /* Frameworks */,
				04F2AA9327944D3600D4C062 /* Resources */,
				D3D05E4AE69A9B73BFF51992 /* [CP] Embed Pods Frameworks */,
			);
			buildRules = (
			);
			dependencies = (
			);
			name = "Currency Converter";
			productName = "Currency Converter";
			productReference = 04F2AA9527944D3700D4C062 /* Currency Converter.app */;
			productType = "com.apple.product-type.application";
		};
/* End PBXNativeTarget section */

/* Begin PBXProject section */
		04F2AA8D27944D3600D4C062 /* Project object */ = {
			isa = PBXProject;
			attributes = {
				BuildIndependentTargetsInParallel = 1;
				LastSwiftUpdateCheck = 1310;
				LastUpgradeCheck = 1310;
				TargetAttributes = {
					04F2AA9427944D3600D4C062 = {
						CreatedOnToolsVersion = 13.1;
					};
				};
			};
			buildConfigurationList = 04F2AA9027944D3600D4C062 /* Build configuration list for PBXProject "Currency Converter" */;
			compatibilityVersion = "Xcode 13.0";
			developmentRegion = en;
			hasScannedForEncodings = 0;
			knownRegions = (
				en,
				Base,
			);
			mainGroup = 04F2AA8C27944D3600D4C062;
			productRefGroup = 04F2AA9627944D3700D4C062 /* Products */;
			projectDirPath = "";
			projectRoot = "";
			targets = (
				04F2AA9427944D3600D4C062 /* Currency Converter */,
			);
		};
/* End PBXProject section */

/* Begin PBXResourcesBuildPhase section */
		04F2AA9327944D3600D4C062 /* Resources */ = {
			isa = PBXResourcesBuildPhase;
			buildActionMask = 2147483647;
			files = (
				04F2AAA527944D3A00D4C062 /* LaunchScreen.storyboard in Resources */,
				04F2AAA227944D3A00D4C062 /* Assets.xcassets in Resources */,
				04F2AAA027944D3700D4C062 /* Main.storyboard in Resources */,
			);
			runOnlyForDeploymentPostprocessing = 0;
		};
/* End PBXResourcesBuildPhase section */

/* Begin PBXShellScriptBuildPhase section */
		89B04A86D3375E36F2BC6FAE /* [CP] Check Pods Manifest.lock */ = {
			isa = PBXShellScriptBuildPhase;
			buildActionMask = 2147483647;
			files = (
			);
			inputFileListPaths = (
			);
			inputPaths = (
				"${PODS_PODFILE_DIR_PATH}/Podfile.lock",
				"${PODS_ROOT}/Manifest.lock",
			);
			name = "[CP] Check Pods Manifest.lock";
			outputFileListPaths = (
			);
			outputPaths = (
				"$(DERIVED_FILE_DIR)/Pods-Currency Converter-checkManifestLockResult.txt",
			);
			runOnlyForDeploymentPostprocessing = 0;
			shellPath = /bin/sh;
			shellScript = "diff \"${PODS_PODFILE_DIR_PATH}/Podfile.lock\" \"${PODS_ROOT}/Manifest.lock\" > /dev/null\nif [ $? != 0 ] ; then\n    # print error to STDERR\n    echo \"error: The sandbox is not in sync with the Podfile.lock. Run 'pod install' or update your CocoaPods installation.\" >&2\n    exit 1\nfi\n# This output is used by Xcode 'outputs' to avoid re-running this script phase.\necho \"SUCCESS\" > \"${SCRIPT_OUTPUT_FILE_0}\"\n";
			showEnvVarsInLog = 0;
		};
		D3D05E4AE69A9B73BFF51992 /* [CP] Embed Pods Frameworks */ = {
			isa = PBXShellScriptBuildPhase;
			buildActionMask = 2147483647;
			files = (
			);
			inputFileListPaths = (
				"${PODS_ROOT}/Target Support Files/Pods-Currency Converter/Pods-Currency Converter-frameworks-${CONFIGURATION}-input-files.xcfilelist",
			);
			name = "[CP] Embed Pods Frameworks";
			outputFileListPaths = (
				"${PODS_ROOT}/Target Support Files/Pods-Currency Converter/Pods-Currency Converter-frameworks-${CONFIGURATION}-output-files.xcfilelist",
			);
			runOnlyForDeploymentPostprocessing = 0;
			shellPath = /bin/sh;
			shellScript = "\"${PODS_ROOT}/Target Support Files/Pods-Currency Converter/Pods-Currency Converter-frameworks.sh\"\n";
			showEnvVarsInLog = 0;
		};
/* End PBXShellScriptBuildPhase section */

/* Begin PBXSourcesBuildPhase section */
		04F2AA9127944D3600D4C062 /* Sources */ = {
			isa = PBXSourcesBuildPhase;
			buildActionMask = 2147483647;
			files = (
				04F2AA9D27944D3700D4C062 /* ViewController.swift in Sources */,
				04F2AA9927944D3700D4C062 /* AppDelegate.swift in Sources */,
				04F2AA9B27944D3700D4C062 /* SceneDelegate.swift in Sources */,
			);
			runOnlyForDeploymentPostprocessing = 0;
		};
/* End PBXSourcesBuildPhase section */

/* Begin PBXVariantGroup section */
		04F2AA9E27944D3700D4C062 /* Main.storyboard */ = {
			isa = PBXVariantGroup;
			children = (
				04F2AA9F27944D3700D4C062 /* Base */,
			);
			name = Main.storyboard;
			sourceTree = "<group>";
		};
		04F2AAA327944D3A00D4C062 /* LaunchScreen.storyboard */ = {
			isa = PBXVariantGroup;
			children = (
				04F2AAA427944D3A00D4C062 /* Base */,
			);
			name = LaunchScreen.storyboard;
			sourceTree = "<group>";
		};
/* End PBXVariantGroup section */

/* Begin XCBuildConfiguration section */
		04F2AAA727944D3A00D4C062 /* Debug */ = {
			isa = XCBuildConfiguration;
			buildSettings = {
				ALWAYS_SEARCH_USER_PATHS = NO;
				CLANG_ANALYZER_NONNULL = YES;
				CLANG_ANALYZER_NUMBER_OBJECT_CONVERSION = YES_AGGRESSIVE;
				CLANG_CXX_LANGUAGE_STANDARD = "gnu++17";
				CLANG_CXX_LIBRARY = "libc++";
				CLANG_ENABLE_MODULES = YES;
				CLANG_ENABLE_OBJC_ARC = YES;
				CLANG_ENABLE_OBJC_WEAK = YES;
				CLANG_WARN_BLOCK_CAPTURE_AUTORELEASING = YES;
				CLANG_WARN_BOOL_CONVERSION = YES;
				CLANG_WARN_COMMA = YES;
				CLANG_WARN_CONSTANT_CONVERSION = YES;
				CLANG_WARN_DEPRECATED_OBJC_IMPLEMENTATIONS = YES;
				CLANG_WARN_DIRECT_OBJC_ISA_USAGE = YES_ERROR;
				CLANG_WARN_DOCUMENTATION_COMMENTS = YES;
				CLANG_WARN_EMPTY_BODY = YES;
				CLANG_WARN_ENUM_CONVERSION = YES;
				CLANG_WARN_INFINITE_RECURSION = YES;
				CLANG_WARN_INT_CONVERSION = YES;
				CLANG_WARN_NON_LITERAL_NULL_CONVERSION = YES;
				CLANG_WARN_OBJC_IMPLICIT_RETAIN_SELF = YES;
				CLANG_WARN_OBJC_LITERAL_CONVERSION = YES;
				CLANG_WARN_OBJC_ROOT_CLASS = YES_ERROR;
				CLANG_WARN_QUOTED_INCLUDE_IN_FRAMEWORK_HEADER = YES;
				CLANG_WARN_RANGE_LOOP_ANALYSIS = YES;
				CLANG_WARN_STRICT_PROTOTYPES = YES;
				CLANG_WARN_SUSPICIOUS_MOVE = YES;
				CLANG_WARN_UNGUARDED_AVAILABILITY = YES_AGGRESSIVE;
				CLANG_WARN_UNREACHABLE_CODE = YES;
				CLANG_WARN__DUPLICATE_METHOD_MATCH = YES;
				COPY_PHASE_STRIP = NO;
				DEBUG_INFORMATION_FORMAT = dwarf;
				ENABLE_STRICT_OBJC_MSGSEND = YES;
				ENABLE_TESTABILITY = YES;
				GCC_C_LANGUAGE_STANDARD = gnu11;
				GCC_DYNAMIC_NO_PIC = NO;
				GCC_NO_COMMON_BLOCKS = YES;
				GCC_OPTIMIZATION_LEVEL = 0;
				GCC_PREPROCESSOR_DEFINITIONS = (
					"DEBUG=1",
					"$(inherited)",
				);
				GCC_WARN_64_TO_32_BIT_CONVERSION = YES;
				GCC_WARN_ABOUT_RETURN_TYPE = YES_ERROR;
				GCC_WARN_UNDECLARED_SELECTOR = YES;
				GCC_WARN_UNINITIALIZED_AUTOS = YES_AGGRESSIVE;
				GCC_WARN_UNUSED_FUNCTION = YES;
				GCC_WARN_UNUSED_VARIABLE = YES;
				IPHONEOS_DEPLOYMENT_TARGET = 15.0;
				MTL_ENABLE_DEBUG_INFO = INCLUDE_SOURCE;
				MTL_FAST_MATH = YES;
				ONLY_ACTIVE_ARCH = YES;
				SDKROOT = iphoneos;
				SWIFT_ACTIVE_COMPILATION_CONDITIONS = DEBUG;
				SWIFT_OPTIMIZATION_LEVEL = "-Onone";
			};
			name = Debug;
		};
		04F2AAA827944D3A00D4C062 /* Release */ = {
			isa = XCBuildConfiguration;
			buildSettings = {
				ALWAYS_SEARCH_USER_PATHS = NO;
				CLANG_ANALYZER_NONNULL = YES;
				CLANG_ANALYZER_NUMBER_OBJECT_CONVERSION = YES_AGGRESSIVE;
				CLANG_CXX_LANGUAGE_STANDARD = "gnu++17";
				CLANG_CXX_LIBRARY = "libc++";
				CLANG_ENABLE_MODULES = YES;
				CLANG_ENABLE_OBJC_ARC = YES;
				CLANG_ENABLE_OBJC_WEAK = YES;
				CLANG_WARN_BLOCK_CAPTURE_AUTORELEASING = YES;
				CLANG_WARN_BOOL_CONVERSION = YES;
				CLANG_WARN_COMMA = YES;
				CLANG_WARN_CONSTANT_CONVERSION = YES;
				CLANG_WARN_DEPRECATED_OBJC_IMPLEMENTATIONS = YES;
				CLANG_WARN_DIRECT_OBJC_ISA_USAGE = YES_ERROR;
				CLANG_WARN_DOCUMENTATION_COMMENTS = YES;
				CLANG_WARN_EMPTY_BODY = YES;
				CLANG_WARN_ENUM_CONVERSION = YES;
				CLANG_WARN_INFINITE_RECURSION = YES;
				CLANG_WARN_INT_CONVERSION = YES;
				CLANG_WARN_NON_LITERAL_NULL_CONVERSION = YES;
				CLANG_WARN_OBJC_IMPLICIT_RETAIN_SELF = YES;
				CLANG_WARN_OBJC_LITERAL_CONVERSION = YES;
				CLANG_WARN_OBJC_ROOT_CLASS = YES_ERROR;
				CLANG_WARN_QUOTED_INCLUDE_IN_FRAMEWORK_HEADER = YES;
				CLANG_WARN_RANGE_LOOP_ANALYSIS = YES;
				CLANG_WARN_STRICT_PROTOTYPES = YES;
				CLANG_WARN_SUSPICIOUS_MOVE = YES;
				CLANG_WARN_UNGUARDED_AVAILABILITY = YES_AGGRESSIVE;
				CLANG_WARN_UNREACHABLE_CODE = YES;
				CLANG_WARN__DUPLICATE_METHOD_MATCH = YES;
				COPY_PHASE_STRIP = NO;
				DEBUG_INFORMATION_FORMAT = "dwarf-with-dsym";
				ENABLE_NS_ASSERTIONS = NO;
				ENABLE_STRICT_OBJC_MSGSEND = YES;
				GCC_C_LANGUAGE_STANDARD = gnu11;
				GCC_NO_COMMON_BLOCKS = YES;
				GCC_WARN_64_TO_32_BIT_CONVERSION = YES;
				GCC_WARN_ABOUT_RETURN_TYPE = YES_ERROR;
				GCC_WARN_UNDECLARED_SELECTOR = YES;
				GCC_WARN_UNINITIALIZED_AUTOS = YES_AGGRESSIVE;
				GCC_WARN_UNUSED_FUNCTION = YES;
				GCC_WARN_UNUSED_VARIABLE = YES;
				IPHONEOS_DEPLOYMENT_TARGET = 15.0;
				MTL_ENABLE_DEBUG_INFO = NO;
				MTL_FAST_MATH = YES;
				SDKROOT = iphoneos;
				SWIFT_COMPILATION_MODE = wholemodule;
				SWIFT_OPTIMIZATION_LEVEL = "-O";
				VALIDATE_PRODUCT = YES;
			};
			name = Release;
		};
		04F2AAAA27944D3A00D4C062 /* Debug */ = {
			isa = XCBuildConfiguration;
			baseConfigurationReference = E23198F6A41E4156E79D535A /* Pods-Currency Converter.debug.xcconfig */;
			buildSettings = {
				ASSETCATALOG_COMPILER_APPICON_NAME = AppIcon;
				ASSETCATALOG_COMPILER_GLOBAL_ACCENT_COLOR_NAME = AccentColor;
				CODE_SIGN_STYLE = Automatic;
				CURRENT_PROJECT_VERSION = 1;
				GENERATE_INFOPLIST_FILE = YES;
				INFOPLIST_FILE = "Currency Converter/Info.plist";
				INFOPLIST_KEY_UIApplicationSupportsIndirectInputEvents = YES;
				INFOPLIST_KEY_UILaunchStoryboardName = LaunchScreen;
				INFOPLIST_KEY_UIMainStoryboardFile = Main;
				INFOPLIST_KEY_UISupportedInterfaceOrientations_iPad = "UIInterfaceOrientationPortrait UIInterfaceOrientationPortraitUpsideDown UIInterfaceOrientationLandscapeLeft UIInterfaceOrientationLandscapeRight";
				INFOPLIST_KEY_UISupportedInterfaceOrientations_iPhone = "UIInterfaceOrientationPortrait UIInterfaceOrientationLandscapeLeft UIInterfaceOrientationLandscapeRight";
				LD_RUNPATH_SEARCH_PATHS = (
					"$(inherited)",
					"@executable_path/Frameworks",
				);
				MARKETING_VERSION = 1.0;
				PRODUCT_BUNDLE_IDENTIFIER = "Usman-Kulaha.Currency-Converter";
				PRODUCT_NAME = "$(TARGET_NAME)";
				SWIFT_EMIT_LOC_STRINGS = YES;
				SWIFT_VERSION = 5.0;
				TARGETED_DEVICE_FAMILY = "1,2";
			};
			name = Debug;
		};
		04F2AAAB27944D3A00D4C062 /* Release */ = {
			isa = XCBuildConfiguration;
			baseConfigurationReference = 662E13F1A8324D84C36C5B36 /* Pods-Currency Converter.release.xcconfig */;
			buildSettings = {
				ASSETCATALOG_COMPILER_APPICON_NAME = AppIcon;
				ASSETCATALOG_COMPILER_GLOBAL_ACCENT_COLOR_NAME = AccentColor;
				CODE_SIGN_STYLE = Automatic;
				CURRENT_PROJECT_VERSION = 1;
				GENERATE_INFOPLIST_FILE = YES;
				INFOPLIST_FILE = "Currency Converter/Info.plist";
				INFOPLIST_KEY_UIApplicationSupportsIndirectInputEvents = YES;
				INFOPLIST_KEY_UILaunchStoryboardName = LaunchScreen;
				INFOPLIST_KEY_UIMainStoryboardFile = Main;
				INFOPLIST_KEY_UISupportedInterfaceOrientations_iPad = "UIInterfaceOrientationPortrait UIInterfaceOrientationPortraitUpsideDown UIInterfaceOrientationLandscapeLeft UIInterfaceOrientationLandscapeRight";
				INFOPLIST_KEY_UISupportedInterfaceOrientations_iPhone = "UIInterfaceOrientationPortrait UIInterfaceOrientationLandscapeLeft UIInterfaceOrientationLandscapeRight";
				LD_RUNPATH_SEARCH_PATHS = (
					"$(inherited)",
					"@executable_path/Frameworks",
				);
				MARKETING_VERSION = 1.0;
				PRODUCT_BUNDLE_IDENTIFIER = "Usman-Kulaha.Currency-Converter";
				PRODUCT_NAME = "$(TARGET_NAME)";
				SWIFT_EMIT_LOC_STRINGS = YES;
				SWIFT_VERSION = 5.0;
				TARGETED_DEVICE_FAMILY = "1,2";
			};
			name = Release;
		};
/* End XCBuildConfiguration section */

/* Begin XCConfigurationList section */
		04F2AA9027944D3600D4C062 /* Build configuration list for PBXProject "Currency Converter" */ = {
			isa = XCConfigurationList;
			buildConfigurations = (
				04F2AAA727944D3A00D4C062 /* Debug */,
				04F2AAA827944D3A00D4C062 /* Release */,
			);
			defaultConfigurationIsVisible = 0;
			defaultConfigurationName = Release;
		};
		04F2AAA927944D3A00D4C062 /* Build configuration list for PBXNativeTarget "Currency Converter" */ = {
			isa = XCConfigurationList;
			buildConfigurations = (
				04F2AAAA27944D3A00D4C062 /* Debug */,
				04F2AAAB27944D3A00D4C062 /* Release */,
			);
			defaultConfigurationIsVisible = 0;
			defaultConfigurationName = Release;
		};
/* End XCConfigurationList section */
	};
	rootObject = 04F2AA8D27944D3600D4C062 /* Project object */;
}
